
Microsoft Visual Studio Solution File, Format Version 12.00
# Visual Studio 15
VisualStudioVersion = 15.0.28010.2046
MinimumVisualStudioVersion = 10.0.40219.1
Project("{FAE04EC0-301F-11D3-BF4B-00C04F79EFBC}") = "SimpleRestService", "SimpleRestService\SimpleRestService.csproj", "{035B2D02-F827-4D01-9A49-8A3E6EAE5A2E}"
EndProject
Project("{FAE04EC0-301F-11D3-BF4B-00C04F79EFBC}") = "After001 - Class structures", "After001\After001 - Class structures.csproj", "{91D610FA-8038-48E0-8AB8-7904F5D0398A}"
EndProject
Project("{FAE04EC0-301F-11D3-BF4B-00C04F79EFBC}") = "After002 - Class inheritence", "After002\After002 - Class inheritence.csproj", "{8888B2F6-93E3-4F95-826D-47F3EFB5FC24}"
EndProject
Global
	GlobalSection(SolutionConfigurationPlatforms) = preSolution
		Debug|Any CPU = Debug|Any CPU
		Debug|ARM = Debug|ARM
		Debug|x64 = Debug|x64
		Debug|x86 = Debug|x86
		Release|Any CPU = Release|Any CPU
		Release|ARM = Release|ARM
		Release|x64 = Release|x64
		Release|x86 = Release|x86
	EndGlobalSection
	GlobalSection(ProjectConfigurationPlatforms) = postSolution
		{035B2D02-F827-4D01-9A49-8A3E6EAE5A2E}.Debug|Any CPU.ActiveCfg = Debug|Any CPU
		{035B2D02-F827-4D01-9A49-8A3E6EAE5A2E}.Debug|Any CPU.Build.0 = Debug|Any CPU
		{035B2D02-F827-4D01-9A49-8A3E6EAE5A2E}.Debug|ARM.ActiveCfg = Debug|Any CPU
		{035B2D02-F827-4D01-9A49-8A3E6EAE5A2E}.Debug|x64.ActiveCfg = Debug|Any CPU
		{035B2D02-F827-4D01-9A49-8A3E6EAE5A2E}.Debug|x86.ActiveCfg = Debug|Any CPU
		{035B2D02-F827-4D01-9A49-8A3E6EAE5A2E}.Release|Any CPU.ActiveCfg = Release|Any CPU
		{035B2D02-F827-4D01-9A49-8A3E6EAE5A2E}.Release|Any CPU.Build.0 = Release|Any CPU
		{035B2D02-F827-4D01-9A49-8A3E6EAE5A2E}.Release|ARM.ActiveCfg = Release|Any CPU
		{035B2D02-F827-4D01-9A49-8A3E6EAE5A2E}.Release|x64.ActiveCfg = Release|Any CPU
		{035B2D02-F827-4D01-9A49-8A3E6EAE5A2E}.Release|x86.ActiveCfg = Release|Any CPU
		{91D610FA-8038-48E0-8AB8-7904F5D0398A}.Debug|Any CPU.ActiveCfg = Debug|Any CPU
		{91D610FA-8038-48E0-8AB8-7904F5D0398A}.Debug|Any CPU.Build.0 = Debug|Any CPU
		{91D610FA-8038-48E0-8AB8-7904F5D0398A}.Debug|ARM.ActiveCfg = Debug|Any CPU
		{91D610FA-8038-48E0-8AB8-7904F5D0398A}.Debug|ARM.Build.0 = Debug|Any CPU
		{91D610FA-8038-48E0-8AB8-7904F5D0398A}.Debug|x64.ActiveCfg = Debug|Any CPU
		{91D610FA-8038-48E0-8AB8-7904F5D0398A}.Debug|x64.Build.0 = Debug|Any CPU
		{91D610FA-8038-48E0-8AB8-7904F5D0398A}.Debug|x86.ActiveCfg = Debug|Any CPU
		{91D610FA-8038-48E0-8AB8-7904F5D0398A}.Debug|x86.Build.0 = Debug|Any CPU
		{91D610FA-8038-48E0-8AB8-7904F5D0398A}.Release|Any CPU.ActiveCfg = Release|Any CPU
		{91D610FA-8038-48E0-8AB8-7904F5D0398A}.Release|Any CPU.Build.0 = Release|Any CPU
		{91D610FA-8038-48E0-8AB8-7904F5D0398A}.Release|ARM.ActiveCfg = Release|Any CPU
		{91D610FA-8038-48E0-8AB8-7904F5D0398A}.Release|ARM.Build.0 = Release|Any CPU
		{91D610FA-8038-48E0-8AB8-7904F5D0398A}.Release|x64.ActiveCfg = Release|Any CPU
		{91D610FA-8038-48E0-8AB8-7904F5D0398A}.Release|x64.Build.0 = Release|Any CPU
		{91D610FA-8038-48E0-8AB8-7904F5D0398A}.Release|x86.ActiveCfg = Release|Any CPU
		{91D610FA-8038-48E0-8AB8-7904F5D0398A}.Release|x86.Build.0 = Release|Any CPU
		{8888B2F6-93E3-4F95-826D-47F3EFB5FC24}.Debug|Any CPU.ActiveCfg = Debug|Any CPU
		{8888B2F6-93E3-4F95-826D-47F3EFB5FC24}.Debug|Any CPU.Build.0 = Debug|Any CPU
		{8888B2F6-93E3-4F95-826D-47F3EFB5FC24}.Debug|ARM.ActiveCfg = Debug|Any CPU
		{8888B2F6-93E3-4F95-826D-47F3EFB5FC24}.Debug|ARM.Build.0 = Debug|Any CPU
		{8888B2F6-93E3-4F95-826D-47F3EFB5FC24}.Debug|x64.ActiveCfg = Debug|Any CPU
		{8888B2F6-93E3-4F95-826D-47F3EFB5FC24}.Debug|x64.Build.0 = Debug|Any CPU
		{8888B2F6-93E3-4F95-826D-47F3EFB5FC24}.Debug|x86.ActiveCfg = Debug|Any CPU
		{8888B2F6-93E3-4F95-826D-47F3EFB5FC24}.Debug|x86.Build.0 = Debug|Any CPU
		{8888B2F6-93E3-4F95-826D-47F3EFB5FC24}.Release|Any CPU.ActiveCfg = Release|Any CPU
		{8888B2F6-93E3-4F95-826D-47F3EFB5FC24}.Release|Any CPU.Build.0 = Release|Any CPU
		{8888B2F6-93E3-4F95-826D-47F3EFB5FC24}.Release|ARM.ActiveCfg = Release|Any CPU
		{8888B2F6-93E3-4F95-826D-47F3EFB5FC24}.Release|ARM.Build.0 = Release|Any CPU
		{8888B2F6-93E3-4F95-826D-47F3EFB5FC24}.Release|x64.ActiveCfg = Release|Any CPU
		{8888B2F6-93E3-4F95-826D-47F3EFB5FC24}.Release|x64.Build.0 = Release|Any CPU
		{8888B2F6-93E3-4F95-826D-47F3EFB5FC24}.Release|x86.ActiveCfg = Release|Any CPU
		{8888B2F6-93E3-4F95-826D-47F3EFB5FC24}.Release|x86.Build.0 = Release|Any CPU
	EndGlobalSection
	GlobalSection(SolutionProperties) = preSolution
		HideSolutionNode = FALSE
	EndGlobalSection
	GlobalSection(ExtensibilityGlobals) = postSolution
		SolutionGuid = {41390724-4398-4ACE-B215-4A441A27CAB1}
	EndGlobalSection
EndGlobal
